
Microsoft Visual Studio Solution File, Format Version 12.00
# Visual Studio Version 16
VisualStudioVersion = 16.0.29418.71
MinimumVisualStudioVersion = 10.0.40219.1
Project("{FAE04EC0-301F-11D3-BF4B-00C04F79EFBC}") = "MyBlockingPriorityQueue", "MyBlockingPriorityQueue\MyBlockingPriorityQueue.csproj", "{13E16BA5-D280-44CE-9665-FE47AE569951}"
EndProject
Project("{FAE04EC0-301F-11D3-BF4B-00C04F79EFBC}") = "MyBlockingPriorityQueueTests", "MyBlockingPriorityQueueTests\MyBlockingPriorityQueueTests.csproj", "{7C0C1FD7-E611-4D46-BAB2-5F002CF46D48}"
EndProject
Global
	GlobalSection(SolutionConfigurationPlatforms) = preSolution
		Debug|Any CPU = Debug|Any CPU
		Release|Any CPU = Release|Any CPU
	EndGlobalSection
	GlobalSection(ProjectConfigurationPlatforms) = postSolution
		{13E16BA5-D280-44CE-9665-FE47AE569951}.Debug|Any CPU.ActiveCfg = Debug|Any CPU
		{13E16BA5-D280-44CE-9665-FE47AE569951}.Debug|Any CPU.Build.0 = Debug|Any CPU
		{13E16BA5-D280-44CE-9665-FE47AE569951}.Release|Any CPU.ActiveCfg = Release|Any CPU
		{13E16BA5-D280-44CE-9665-FE47AE569951}.Release|Any CPU.Build.0 = Release|Any CPU
		{7C0C1FD7-E611-4D46-BAB2-5F002CF46D48}.Debug|Any CPU.ActiveCfg = Debug|Any CPU
		{7C0C1FD7-E611-4D46-BAB2-5F002CF46D48}.Debug|Any CPU.Build.0 = Debug|Any CPU
		{7C0C1FD7-E611-4D46-BAB2-5F002CF46D48}.Release|Any CPU.ActiveCfg = Release|Any CPU
		{7C0C1FD7-E611-4D46-BAB2-5F002CF46D48}.Release|Any CPU.Build.0 = Release|Any CPU
	EndGlobalSection
	GlobalSection(SolutionProperties) = preSolution
		HideSolutionNode = FALSE
	EndGlobalSection
	GlobalSection(ExtensibilityGlobals) = postSolution
		SolutionGuid = {D88BCA7B-0A48-4C1B-B586-998BC662E87D}
	EndGlobalSection
EndGlobal
