
Microsoft Visual Studio Solution File, Format Version 12.00
# Visual Studio Version 16
VisualStudioVersion = 16.0.29418.71
MinimumVisualStudioVersion = 10.0.40219.1
Project("{FAE04EC0-301F-11D3-BF4B-00C04F79EFBC}") = "MyThreadPool", "MyThreadPool\MyThreadPool.csproj", "{9CF027B5-0709-4EF8-AC71-CB3FACC79F02}"
EndProject
Global
	GlobalSection(SolutionConfigurationPlatforms) = preSolution
		Debug|Any CPU = Debug|Any CPU
		Release|Any CPU = Release|Any CPU
	EndGlobalSection
	GlobalSection(ProjectConfigurationPlatforms) = postSolution
		{9CF027B5-0709-4EF8-AC71-CB3FACC79F02}.Debug|Any CPU.ActiveCfg = Debug|Any CPU
		{9CF027B5-0709-4EF8-AC71-CB3FACC79F02}.Debug|Any CPU.Build.0 = Debug|Any CPU
		{9CF027B5-0709-4EF8-AC71-CB3FACC79F02}.Release|Any CPU.ActiveCfg = Release|Any CPU
		{9CF027B5-0709-4EF8-AC71-CB3FACC79F02}.Release|Any CPU.Build.0 = Release|Any CPU
	EndGlobalSection
	GlobalSection(SolutionProperties) = preSolution
		HideSolutionNode = FALSE
	EndGlobalSection
	GlobalSection(ExtensibilityGlobals) = postSolution
		SolutionGuid = {19F866F8-FF2B-4268-93CB-860A2E730E14}
	EndGlobalSection
EndGlobal
